{
  "name": "auth-uid",
  "version": "1.0.0",
  "lockfileVersion": 3,
  "requires": true,
  "packages": {
    "": {
      "name": "auth-uid",
      "version": "1.0.0",
      "license": "ISC",
      "dependencies": {
        "jose": "^6.1.1"
      }
    },
    "node_modules/jose": {
      "version": "6.1.1",
      "resolved": "https://registry.npmjs.org/jose/-/jose-6.1.1.tgz",
      "integrity": "sha512-GWSqjfOPf4cWOkBzw5THBjtGPhXKqYnfRBzh4Ni+ArTrQQ9unvmsA3oFLqaYKoKe5sjWmGu5wVKg9Ft1i+LQfg==",
      "license": "MIT",
      "funding": {
        "url": "https://github.com/sponsors/panva"
      }
    }
  }
}
